
Microsoft Visual Studio Solution File, Format Version 12.00
# Visual Studio Version 16
VisualStudioVersion = 16.0.30907.101
MinimumVisualStudioVersion = 10.0.40219.1
Project("{FAE04EC0-301F-11D3-BF4B-00C04F79EFBC}") = "Demo_01", "Demo_01\Demo_01.csproj", "{46F0B307-2757-4B67-AB93-B381352CED20}"
EndProject
Global
	GlobalSection(SolutionConfigurationPlatforms) = preSolution
		Debug|Any CPU = Debug|Any CPU
		Release|Any CPU = Release|Any CPU
	EndGlobalSection
	GlobalSection(ProjectConfigurationPlatforms) = postSolution
		{46F0B307-2757-4B67-AB93-B381352CED20}.Debug|Any CPU.ActiveCfg = Debug|Any CPU
		{46F0B307-2757-4B67-AB93-B381352CED20}.Debug|Any CPU.Build.0 = Debug|Any CPU
		{46F0B307-2757-4B67-AB93-B381352CED20}.Release|Any CPU.ActiveCfg = Release|Any CPU
		{46F0B307-2757-4B67-AB93-B381352CED20}.Release|Any CPU.Build.0 = Release|Any CPU
	EndGlobalSection
	GlobalSection(SolutionProperties) = preSolution
		HideSolutionNode = FALSE
	EndGlobalSection
	GlobalSection(ExtensibilityGlobals) = postSolution
		SolutionGuid = {A2BA247A-48E3-4F5C-801C-27B2ABFE61E4}
	EndGlobalSection
EndGlobal
